
Microsoft Visual Studio Solution File, Format Version 12.00
# Visual Studio Version 17
VisualStudioVersion = 17.9.34607.119
MinimumVisualStudioVersion = 10.0.40219.1
Project("{FAE04EC0-301F-11D3-BF4B-00C04F79EFBC}") = "eTickets", "eTickets\eTickets.csproj", "{52C4B57E-3C49-4258-BB28-CBBDF1E5E5FB}"
EndProject
Global
	GlobalSection(SolutionConfigurationPlatforms) = preSolution
		Debug|Any CPU = Debug|Any CPU
		Release|Any CPU = Release|Any CPU
	EndGlobalSection
	GlobalSection(ProjectConfigurationPlatforms) = postSolution
		{52C4B57E-3C49-4258-BB28-CBBDF1E5E5FB}.Debug|Any CPU.ActiveCfg = Debug|Any CPU
		{52C4B57E-3C49-4258-BB28-CBBDF1E5E5FB}.Debug|Any CPU.Build.0 = Debug|Any CPU
		{52C4B57E-3C49-4258-BB28-CBBDF1E5E5FB}.Release|Any CPU.ActiveCfg = Release|Any CPU
		{52C4B57E-3C49-4258-BB28-CBBDF1E5E5FB}.Release|Any CPU.Build.0 = Release|Any CPU
	EndGlobalSection
	GlobalSection(SolutionProperties) = preSolution
		HideSolutionNode = FALSE
	EndGlobalSection
	GlobalSection(ExtensibilityGlobals) = postSolution
		SolutionGuid = {F53CAC86-935B-40ED-B994-8CE4BF1514D4}
	EndGlobalSection
EndGlobal
